{
  "name": "commander86_production",
  "lockfileVersion": 2,
  "requires": true,
  "packages": {
    "": {
      "dependencies": {
        "lodash": "^4.17.21",
        "recursive-diff": "^1.0.8",
        "underscore": "^1.13.6"
      }
    },
    "node_modules/lodash": {
      "version": "4.17.21",
      "resolved": "https://registry.npmjs.org/lodash/-/lodash-4.17.21.tgz",
      "integrity": "sha512-v2kDEe57lecTulaDIuNTPy3Ry4gLGJ6Z1O3vE1krgXZNrsQ+LFTGHVxVjcXPs17LhbZVGedAJv8XZ1tvj5FvSg=="
    },
    "node_modules/recursive-diff": {
      "version": "1.0.8",
      "resolved": "https://registry.npmjs.org/recursive-diff/-/recursive-diff-1.0.8.tgz",
      "integrity": "sha512-WfUcVao/HRsZZjI96PjcefTZ87rsxrgryIlWJB2UrHs4v3kFFzvMOm801a1WoqG+IAsLKJPsGlvubR74EDqGWQ=="
    },
    "node_modules/underscore": {
      "version": "1.13.6",
      "resolved": "https://registry.npmjs.org/underscore/-/underscore-1.13.6.tgz",
      "integrity": "sha512-+A5Sja4HP1M08MaXya7p5LvjuM7K6q/2EaC0+iovj/wOcMsTzMvDFbasi/oSapiwOlt252IqsKqPjCl7huKS0A=="
    }
  },
  "dependencies": {
    "lodash": {
      "version": "4.17.21",
      "resolved": "https://registry.npmjs.org/lodash/-/lodash-4.17.21.tgz",
      "integrity": "sha512-v2kDEe57lecTulaDIuNTPy3Ry4gLGJ6Z1O3vE1krgXZNrsQ+LFTGHVxVjcXPs17LhbZVGedAJv8XZ1tvj5FvSg=="
    },
    "recursive-diff": {
      "version": "1.0.8",
      "resolved": "https://registry.npmjs.org/recursive-diff/-/recursive-diff-1.0.8.tgz",
      "integrity": "sha512-WfUcVao/HRsZZjI96PjcefTZ87rsxrgryIlWJB2UrHs4v3kFFzvMOm801a1WoqG+IAsLKJPsGlvubR74EDqGWQ=="
    },
    "underscore": {
      "version": "1.13.6",
      "resolved": "https://registry.npmjs.org/underscore/-/underscore-1.13.6.tgz",
      "integrity": "sha512-+A5Sja4HP1M08MaXya7p5LvjuM7K6q/2EaC0+iovj/wOcMsTzMvDFbasi/oSapiwOlt252IqsKqPjCl7huKS0A=="
    }
  }
}
